<?xml version="1.0" encoding="utf-8"?>
<Project ToolsVersion="4.0" xmlns="http://schemas.microsoft.com/developer/msbuild/2003">
  <ItemGroup>
    <Filter Include="Source Files">
      <UniqueIdentifier>{ede82c23-e175-4ecb-9b99-686c82d99559}</UniqueIdentifier>
    </Filter>
    <Filter Include="Header Files">
      <UniqueIdentifier>{c7048621-b7ec-4110-9479-970fb1dbbfda}</UniqueIdentifier>
    </Filter>
    <Filter Include="Resource Files">
      <UniqueIdentifier>{ef89a0c0-479c-444b-bafc-00208d060411}</UniqueIdentifier>
    </Filter>
  </ItemGroup>
  <ItemGroup>
    <ClCompile Include="curlutil.c">
      <Filter>Source Files</Filter>
    </ClCompile>
    <ClCompile Include="getpass.c">
      <Filter>Source Files</Filter>
    </ClCompile>
    <ClCompile Include="homedir.c">
      <Filter>Source Files</Filter>
    </ClCompile>
    <ClCompile Include="hugehelp.c">
      <Filter>Source Files</Filter>
    </ClCompile>
    <ClCompile Include="main.c">
      <Filter>Source Files</Filter>
    </ClCompile>
    <ClCompile Include="os-specific.c">
      <Filter>Source Files</Filter>
    </ClCompile>
    <ClCompile Include="..\lib\nonblock.c">
      <Filter>Source Files</Filter>
    </ClCompile>
    <ClCompile Include="..\lib\rawstr.c">
      <Filter>Source Files</Filter>
    </ClCompile>
    <ClCompile Include="..\lib\strtoofft.c">
      <Filter>Source Files</Filter>
    </ClCompile>
    <ClCompile Include="urlglob.c">
      <Filter>Source Files</Filter>
    </ClCompile>
    <ClCompile Include="writeenv.c">
      <Filter>Source Files</Filter>
    </ClCompile>
    <ClCompile Include="writeout.c">
      <Filter>Source Files</Filter>
    </ClCompile>
    <ClCompile Include="xattr.c">
      <Filter>Source Files</Filter>
    </ClCompile>
  </ItemGroup>
  <ItemGroup>
    <ClInclude Include="config-win32.h">
      <Filter>Header Files</Filter>
    </ClInclude>
    <ClInclude Include="curlutil.h">
      <Filter>Header Files</Filter>
    </ClInclude>
    <ClInclude Include="getpass.h">
      <Filter>Header Files</Filter>
    </ClInclude>
    <ClInclude Include="homedir.h">
      <Filter>Header Files</Filter>
    </ClInclude>
    <ClInclude Include="hugehelp.h">
      <Filter>Header Files</Filter>
    </ClInclude>
    <ClInclude Include="os-specific.h">
      <Filter>Header Files</Filter>
    </ClInclude>
    <ClInclude Include="setup.h">
      <Filter>Header Files</Filter>
    </ClInclude>
    <ClInclude Include="..\lib\nonblock.h">
      <Filter>Header Files</Filter>
    </ClInclude>
    <ClInclude Include="..\lib\rawstr.h">
      <Filter>Header Files</Filter>
    </ClInclude>
    <ClInclude Include="..\lib\strtoofft.h">
      <Filter>Header Files</Filter>
    </ClInclude>
    <ClInclude Include="urlglob.h">
      <Filter>Header Files</Filter>
    </ClInclude>
    <ClInclude Include="version.h">
      <Filter>Header Files</Filter>
    </ClInclude>
    <ClInclude Include="writeenv.h">
      <Filter>Header Files</Filter>
    </ClInclude>
    <ClInclude Include="writeout.h">
      <Filter>Header Files</Filter>
    </ClInclude>
    <ClInclude Include="xattr.h">
      <Filter>Header Files</Filter>
    </ClInclude>
  </ItemGroup>
  <ItemGroup>
    <ResourceCompile Include="curl.rc">
      <Filter>Resource Files</Filter>
    </ResourceCompile>
  </ItemGroup>
</Project>