
Microsoft Visual Studio Solution File, Format Version 12.00
# Visual Studio 15
VisualStudioVersion = 15.0.28010.2050
MinimumVisualStudioVersion = 10.0.40219.1
Project("{8BC9CEB8-8B4A-11D0-8D11-00A0C91BC942}") = "sqlite3", "sqlite3\sqlite3.vcxproj", "{7719895F-F5A3-4679-943A-CB4B313B4BF9}"
EndProject
Global
	GlobalSection(SolutionConfigurationPlatforms) = preSolution
		Debug|x64 = Debug|x64
		Debug|x86 = Debug|x86
		Release|x64 = Release|x64
		Release|x86 = Release|x86
	EndGlobalSection
	GlobalSection(ProjectConfigurationPlatforms) = postSolution
		{7719895F-F5A3-4679-943A-CB4B313B4BF9}.Debug|x64.ActiveCfg = Debug|x64
		{7719895F-F5A3-4679-943A-CB4B313B4BF9}.Debug|x64.Build.0 = Debug|x64
		{7719895F-F5A3-4679-943A-CB4B313B4BF9}.Debug|x86.ActiveCfg = Debug|Win32
		{7719895F-F5A3-4679-943A-CB4B313B4BF9}.Debug|x86.Build.0 = Debug|Win32
		{7719895F-F5A3-4679-943A-CB4B313B4BF9}.Release|x64.ActiveCfg = Release|x64
		{7719895F-F5A3-4679-943A-CB4B313B4BF9}.Release|x64.Build.0 = Release|x64
		{7719895F-F5A3-4679-943A-CB4B313B4BF9}.Release|x86.ActiveCfg = Release|Win32
		{7719895F-F5A3-4679-943A-CB4B313B4BF9}.Release|x86.Build.0 = Release|Win32
	EndGlobalSection
	GlobalSection(SolutionProperties) = preSolution
		HideSolutionNode = FALSE
	EndGlobalSection
	GlobalSection(ExtensibilityGlobals) = postSolution
		SolutionGuid = {1EA1F2F0-6B01-4C25-8FA2-B3E695544E40}
	EndGlobalSection
EndGlobal
